
Microsoft Visual Studio Solution File, Format Version 12.00
# Visual Studio Version 16
VisualStudioVersion = 16.0.30711.63
MinimumVisualStudioVersion = 10.0.40219.1
Project("{FAE04EC0-301F-11D3-BF4B-00C04F79EFBC}") = "Aula 04 - ExemploMDI", "Aula 04 - ExemploMDI\Aula 04 - ExemploMDI.csproj", "{0F596E93-C453-4B36-A5D2-78B8CE0C4E6A}"
EndProject
Global
	GlobalSection(SolutionConfigurationPlatforms) = preSolution
		Debug|Any CPU = Debug|Any CPU
		Release|Any CPU = Release|Any CPU
	EndGlobalSection
	GlobalSection(ProjectConfigurationPlatforms) = postSolution
		{0F596E93-C453-4B36-A5D2-78B8CE0C4E6A}.Debug|Any CPU.ActiveCfg = Debug|Any CPU
		{0F596E93-C453-4B36-A5D2-78B8CE0C4E6A}.Debug|Any CPU.Build.0 = Debug|Any CPU
		{0F596E93-C453-4B36-A5D2-78B8CE0C4E6A}.Release|Any CPU.ActiveCfg = Release|Any CPU
		{0F596E93-C453-4B36-A5D2-78B8CE0C4E6A}.Release|Any CPU.Build.0 = Release|Any CPU
	EndGlobalSection
	GlobalSection(SolutionProperties) = preSolution
		HideSolutionNode = FALSE
	EndGlobalSection
	GlobalSection(ExtensibilityGlobals) = postSolution
		SolutionGuid = {6140FD22-6B22-4FBB-BA2C-B68E6FC2C061}
	EndGlobalSection
EndGlobal
