
Microsoft Visual Studio Solution File, Format Version 12.00
# Visual Studio Version 16
VisualStudioVersion = 16.0.30711.63
MinimumVisualStudioVersion = 10.0.40219.1
Project("{FAE04EC0-301F-11D3-BF4B-00C04F79EFBC}") = "Aula 02", "Aula 02\Aula 02.csproj", "{0A6E6706-B859-4B54-B91C-7DB721D66E3A}"
EndProject
Global
	GlobalSection(SolutionConfigurationPlatforms) = preSolution
		Debug|Any CPU = Debug|Any CPU
		Release|Any CPU = Release|Any CPU
	EndGlobalSection
	GlobalSection(ProjectConfigurationPlatforms) = postSolution
		{0A6E6706-B859-4B54-B91C-7DB721D66E3A}.Debug|Any CPU.ActiveCfg = Debug|Any CPU
		{0A6E6706-B859-4B54-B91C-7DB721D66E3A}.Debug|Any CPU.Build.0 = Debug|Any CPU
		{0A6E6706-B859-4B54-B91C-7DB721D66E3A}.Release|Any CPU.ActiveCfg = Release|Any CPU
		{0A6E6706-B859-4B54-B91C-7DB721D66E3A}.Release|Any CPU.Build.0 = Release|Any CPU
	EndGlobalSection
	GlobalSection(SolutionProperties) = preSolution
		HideSolutionNode = FALSE
	EndGlobalSection
	GlobalSection(ExtensibilityGlobals) = postSolution
		SolutionGuid = {6CEA291A-9726-4A4B-9044-6AB904A08626}
	EndGlobalSection
EndGlobal
